
Microsoft Visual Studio Solution File, Format Version 12.00
# Visual Studio 15
VisualStudioVersion = 15.0.26730.8
MinimumVisualStudioVersion = 10.0.40219.1
Project("{FAE04EC0-301F-11D3-BF4B-00C04F79EFBC}") = "UnhandledException.Core", "UnhandledException.Core\UnhandledException.Core.csproj", "{0FE3596F-4697-4770-9031-CDE45DDE1599}"
EndProject
Project("{FAE04EC0-301F-11D3-BF4B-00C04F79EFBC}") = "UnhandledException.Console", "UnhandledException.Console\UnhandledException.Console.csproj", "{BC2CCFC3-1C43-44EA-BC7F-25840D5A6386}"
EndProject
Project("{FAE04EC0-301F-11D3-BF4B-00C04F79EFBC}") = "UnhandledException.Winform", "UnhandledException.Winform\UnhandledException.Winform.csproj", "{1CA8DF24-0610-48E5-B11F-716D567B4644}"
EndProject
Global
	GlobalSection(SolutionConfigurationPlatforms) = preSolution
		Debug|Any CPU = Debug|Any CPU
		Release|Any CPU = Release|Any CPU
	EndGlobalSection
	GlobalSection(ProjectConfigurationPlatforms) = postSolution
		{0FE3596F-4697-4770-9031-CDE45DDE1599}.Debug|Any CPU.ActiveCfg = Debug|Any CPU
		{0FE3596F-4697-4770-9031-CDE45DDE1599}.Debug|Any CPU.Build.0 = Debug|Any CPU
		{0FE3596F-4697-4770-9031-CDE45DDE1599}.Release|Any CPU.ActiveCfg = Release|Any CPU
		{0FE3596F-4697-4770-9031-CDE45DDE1599}.Release|Any CPU.Build.0 = Release|Any CPU
		{BC2CCFC3-1C43-44EA-BC7F-25840D5A6386}.Debug|Any CPU.ActiveCfg = Debug|Any CPU
		{BC2CCFC3-1C43-44EA-BC7F-25840D5A6386}.Debug|Any CPU.Build.0 = Debug|Any CPU
		{BC2CCFC3-1C43-44EA-BC7F-25840D5A6386}.Release|Any CPU.ActiveCfg = Release|Any CPU
		{BC2CCFC3-1C43-44EA-BC7F-25840D5A6386}.Release|Any CPU.Build.0 = Release|Any CPU
		{1CA8DF24-0610-48E5-B11F-716D567B4644}.Debug|Any CPU.ActiveCfg = Debug|Any CPU
		{1CA8DF24-0610-48E5-B11F-716D567B4644}.Debug|Any CPU.Build.0 = Debug|Any CPU
		{1CA8DF24-0610-48E5-B11F-716D567B4644}.Release|Any CPU.ActiveCfg = Release|Any CPU
		{1CA8DF24-0610-48E5-B11F-716D567B4644}.Release|Any CPU.Build.0 = Release|Any CPU
	EndGlobalSection
	GlobalSection(SolutionProperties) = preSolution
		HideSolutionNode = FALSE
	EndGlobalSection
	GlobalSection(ExtensibilityGlobals) = postSolution
		SolutionGuid = {CAB38CBD-0281-4C47-BFED-4A46566758E9}
	EndGlobalSection
EndGlobal
